
Microsoft Visual Studio Solution File, Format Version 12.00
# Visual Studio 2012
Project("{FAE04EC0-301F-11D3-BF4B-00C04F79EFBC}") = "MikiEditorUI", "MikiEditorUI\MikiEditorUI.csproj", "{8EA6FFA4-C803-47A6-9603-50F6A77AE288}"
EndProject
Project("{6141683F-8A12-4E36-9623-2EB02B2C2303}") = "MikiSetup", "MikiSetup\MikiSetup.isproj", "{E15A9AA0-2FDE-49EA-934D-A35F33CD12DC}"
EndProject
Global
	GlobalSection(SolutionConfigurationPlatforms) = preSolution
		CD_ROM|Any CPU = CD_ROM|Any CPU
		Debug|Any CPU = Debug|Any CPU
		DVD-5|Any CPU = DVD-5|Any CPU
		Release|Any CPU = Release|Any CPU
		SingleImage|Any CPU = SingleImage|Any CPU
	EndGlobalSection
	GlobalSection(ProjectConfigurationPlatforms) = postSolution
		{8EA6FFA4-C803-47A6-9603-50F6A77AE288}.CD_ROM|Any CPU.ActiveCfg = Release|Any CPU
		{8EA6FFA4-C803-47A6-9603-50F6A77AE288}.CD_ROM|Any CPU.Build.0 = Release|Any CPU
		{8EA6FFA4-C803-47A6-9603-50F6A77AE288}.Debug|Any CPU.ActiveCfg = Debug|Any CPU
		{8EA6FFA4-C803-47A6-9603-50F6A77AE288}.Debug|Any CPU.Build.0 = Debug|Any CPU
		{8EA6FFA4-C803-47A6-9603-50F6A77AE288}.DVD-5|Any CPU.ActiveCfg = Debug|Any CPU
		{8EA6FFA4-C803-47A6-9603-50F6A77AE288}.DVD-5|Any CPU.Build.0 = Debug|Any CPU
		{8EA6FFA4-C803-47A6-9603-50F6A77AE288}.Release|Any CPU.ActiveCfg = Release|Any CPU
		{8EA6FFA4-C803-47A6-9603-50F6A77AE288}.Release|Any CPU.Build.0 = Release|Any CPU
		{8EA6FFA4-C803-47A6-9603-50F6A77AE288}.SingleImage|Any CPU.ActiveCfg = Release|Any CPU
		{8EA6FFA4-C803-47A6-9603-50F6A77AE288}.SingleImage|Any CPU.Build.0 = Release|Any CPU
		{E15A9AA0-2FDE-49EA-934D-A35F33CD12DC}.CD_ROM|Any CPU.ActiveCfg = CD_ROM
		{E15A9AA0-2FDE-49EA-934D-A35F33CD12DC}.CD_ROM|Any CPU.Build.0 = CD_ROM
		{E15A9AA0-2FDE-49EA-934D-A35F33CD12DC}.Debug|Any CPU.ActiveCfg = DVD-5
		{E15A9AA0-2FDE-49EA-934D-A35F33CD12DC}.Debug|Any CPU.Build.0 = DVD-5
		{E15A9AA0-2FDE-49EA-934D-A35F33CD12DC}.DVD-5|Any CPU.ActiveCfg = DVD-5
		{E15A9AA0-2FDE-49EA-934D-A35F33CD12DC}.DVD-5|Any CPU.Build.0 = DVD-5
		{E15A9AA0-2FDE-49EA-934D-A35F33CD12DC}.Release|Any CPU.ActiveCfg = SingleImage
		{E15A9AA0-2FDE-49EA-934D-A35F33CD12DC}.Release|Any CPU.Build.0 = SingleImage
		{E15A9AA0-2FDE-49EA-934D-A35F33CD12DC}.SingleImage|Any CPU.ActiveCfg = SingleImage
		{E15A9AA0-2FDE-49EA-934D-A35F33CD12DC}.SingleImage|Any CPU.Build.0 = SingleImage
	EndGlobalSection
	GlobalSection(SolutionProperties) = preSolution
		HideSolutionNode = FALSE
	EndGlobalSection
EndGlobal
