
Microsoft Visual Studio Solution File, Format Version 12.00
# Visual Studio 2012
Project("{FAE04EC0-301F-11D3-BF4B-00C04F79EFBC}") = "testDrawRect", "testDrawRect\testDrawRect.csproj", "{2295F30D-3171-427C-8C8C-3316B89B5FB7}"
EndProject
Global
	GlobalSection(SolutionConfigurationPlatforms) = preSolution
		Debug|Any CPU = Debug|Any CPU
		Release|Any CPU = Release|Any CPU
	EndGlobalSection
	GlobalSection(ProjectConfigurationPlatforms) = postSolution
		{2295F30D-3171-427C-8C8C-3316B89B5FB7}.Debug|Any CPU.ActiveCfg = Debug|Any CPU
		{2295F30D-3171-427C-8C8C-3316B89B5FB7}.Debug|Any CPU.Build.0 = Debug|Any CPU
		{2295F30D-3171-427C-8C8C-3316B89B5FB7}.Release|Any CPU.ActiveCfg = Release|Any CPU
		{2295F30D-3171-427C-8C8C-3316B89B5FB7}.Release|Any CPU.Build.0 = Release|Any CPU
	EndGlobalSection
	GlobalSection(SolutionProperties) = preSolution
		HideSolutionNode = FALSE
	EndGlobalSection
EndGlobal
